
Microsoft Visual Studio Solution File, Format Version 12.00
# Visual Studio Version 17
VisualStudioVersion = 17.13.35825.156 d17.13
MinimumVisualStudioVersion = 10.0.40219.1
Project("{FAE04EC0-301F-11D3-BF4B-00C04F79EFBC}") = "VoidVenture", "VoidVenture\VoidVenture.csproj", "{5CD54308-DC78-4A5D-B2A6-CCFF55CAA864}"
EndProject
Global
	GlobalSection(SolutionConfigurationPlatforms) = preSolution
		Debug|Any CPU = Debug|Any CPU
		Release|Any CPU = Release|Any CPU
	EndGlobalSection
	GlobalSection(ProjectConfigurationPlatforms) = postSolution
		{5CD54308-DC78-4A5D-B2A6-CCFF55CAA864}.Debug|Any CPU.ActiveCfg = Debug|Any CPU
		{5CD54308-DC78-4A5D-B2A6-CCFF55CAA864}.Debug|Any CPU.Build.0 = Debug|Any CPU
		{5CD54308-DC78-4A5D-B2A6-CCFF55CAA864}.Release|Any CPU.ActiveCfg = Release|Any CPU
		{5CD54308-DC78-4A5D-B2A6-CCFF55CAA864}.Release|Any CPU.Build.0 = Release|Any CPU
	EndGlobalSection
	GlobalSection(SolutionProperties) = preSolution
		HideSolutionNode = FALSE
	EndGlobalSection
	GlobalSection(ExtensibilityGlobals) = postSolution
		SolutionGuid = {834613B6-DF7E-44B2-88CA-D9784A15508A}
	EndGlobalSection
EndGlobal
