
Microsoft Visual Studio Solution File, Format Version 12.00
# Visual Studio Version 17
VisualStudioVersion = 17.13.35825.156 d17.13
MinimumVisualStudioVersion = 10.0.40219.1
Project("{FAE04EC0-301F-11D3-BF4B-00C04F79EFBC}") = "pattyer", "pattyer.csproj", "{79D067C7-08CF-45D8-BDE4-851723621700}"
EndProject
Global
	GlobalSection(SolutionConfigurationPlatforms) = preSolution
		Debug|Any CPU = Debug|Any CPU
		Release|Any CPU = Release|Any CPU
	EndGlobalSection
	GlobalSection(ProjectConfigurationPlatforms) = postSolution
		{79D067C7-08CF-45D8-BDE4-851723621700}.Debug|Any CPU.ActiveCfg = Debug|Any CPU
		{79D067C7-08CF-45D8-BDE4-851723621700}.Debug|Any CPU.Build.0 = Debug|Any CPU
		{79D067C7-08CF-45D8-BDE4-851723621700}.Release|Any CPU.ActiveCfg = Release|Any CPU
		{79D067C7-08CF-45D8-BDE4-851723621700}.Release|Any CPU.Build.0 = Release|Any CPU
	EndGlobalSection
	GlobalSection(SolutionProperties) = preSolution
		HideSolutionNode = FALSE
	EndGlobalSection
	GlobalSection(ExtensibilityGlobals) = postSolution
		SolutionGuid = {E1E91555-222C-41B0-B9CC-460EAFDC5CB7}
	EndGlobalSection
EndGlobal
